
Microsoft Visual Studio Solution File, Format Version 12.00
# Visual Studio Version 16
VisualStudioVersion = 16.0.32002.261
MinimumVisualStudioVersion = 10.0.40219.1
Project("{FAE04EC0-301F-11D3-BF4B-00C04F79EFBC}") = "Mission4", "Mission4\Mission4.csproj", "{D76200D5-39EE-471F-82C2-C237C9DF2AEE}"
EndProject
Global
	GlobalSection(SolutionConfigurationPlatforms) = preSolution
		Debug|Any CPU = Debug|Any CPU
		Release|Any CPU = Release|Any CPU
	EndGlobalSection
	GlobalSection(ProjectConfigurationPlatforms) = postSolution
		{D76200D5-39EE-471F-82C2-C237C9DF2AEE}.Debug|Any CPU.ActiveCfg = Debug|Any CPU
		{D76200D5-39EE-471F-82C2-C237C9DF2AEE}.Debug|Any CPU.Build.0 = Debug|Any CPU
		{D76200D5-39EE-471F-82C2-C237C9DF2AEE}.Release|Any CPU.ActiveCfg = Release|Any CPU
		{D76200D5-39EE-471F-82C2-C237C9DF2AEE}.Release|Any CPU.Build.0 = Release|Any CPU
	EndGlobalSection
	GlobalSection(SolutionProperties) = preSolution
		HideSolutionNode = FALSE
	EndGlobalSection
	GlobalSection(ExtensibilityGlobals) = postSolution
		SolutionGuid = {88E28135-4780-4038-9302-5F780E541B9F}
	EndGlobalSection
EndGlobal
